// !$*UTF8*$!
{
	archiveVersion = 1;
	classes = {
	};
	objectVersion = 46;
	objects = {

/* Begin PBXBuildFile section */
		3E178F111BF78F0900F0FE8F /* AppDelegate.swift in Sources */ = {isa = PBXBuildFile; fileRef = 3E178F101BF78F0900F0FE8F /* AppDelegate.swift */; };
		3E178F131BF78F0900F0FE8F /* ViewController.swift in Sources */ = {isa = PBXBuildFile; fileRef = 3E178F121BF78F0900F0FE8F /* ViewController.swift */; };
		3E178F161BF78F0900F0FE8F /* Main.storyboard in Resources */ = {isa = PBXBuildFile; fileRef = 3E178F141BF78F0900F0FE8F /* Main.storyboard */; };
		3E178F181BF78F0900F0FE8F /* Assets.xcassets in Resources */ = {isa = PBXBuildFile; fileRef = 3E178F171BF78F0900F0FE8F /* Assets.xcassets */; };
		3E178F1B1BF78F0900F0FE8F /* LaunchScreen.storyboard in Resources */ = {isa = PBXBuildFile; fileRef = 3E178F191BF78F0900F0FE8F /* LaunchScreen.storyboard */; };
/* End PBXBuildFile section */

/* Begin PBXFileReference section */
		3E178F0D1BF78F0900F0FE8F /* WhereAreYou.app */ = {isa = PBXFileReference; explicitFileType = wrapper.application; includeInIndex = 0; path = WhereAreYou.app; sourceTree = BUILT_PRODUCTS_DIR; };
		3E178F101BF78F0900F0FE8F /* AppDelegate.swift */ = {isa = PBXFileReference; lastKnownFileType = sourcecode.swift; path = AppDelegate.swift; sourceTree = "<group>"; };
		3E178F121BF78F0900F0FE8F /* ViewController.swift */ = {isa = PBXFileReference; lastKnownFileType = sourcecode.swift; path = ViewController.swift; sourceTree = "<group>"; };
		3E178F151BF78F0900F0FE8F /* Base */ = {isa = PBXFileReference; lastKnownFileType = file.storyboard; name = Base; path = Base.lproj/Main.storyboard; sourceTree = "<group>"; };
		3E178F171BF78F0900F0FE8F /* Assets.xcassets */ = {isa = PBXFileReference; lastKnownFileType = folder.assetcatalog; path = Assets.xcassets; sourceTree = "<group>"; };
		3E178F1A1BF78F0900F0FE8F /* Base */ = {isa = PBXFileReference; lastKnownFileType = file.storyboard; name = Base; path = Base.lproj/LaunchScreen.storyboard; sourceTree = "<group>"; };
		3E178F1C1BF78F0900F0FE8F /* Info.plist */ = {isa = PBXFileReference; lastKnownFileType = text.plist.xml; path = Info.plist; sourceTree = "<group>"; };
/* End PBXFileReference section */

/* Begin PBXFrameworksBuildPhase section */
		3E178F0A1BF78F0900F0FE8F /* Frameworks */ = {
			isa = PBXFrameworksBuildPhase;
			buildActionMask = 2147483647;
			files = (
			);
			runOnlyForDeploymentPostprocessing = 0;
		};
/* End PBXFrameworksBuildPhase section */

/* Begin PBXGroup section */
		3E178F041BF78F0900F0FE8F = {
			isa = PBXGroup;
			children = (
				3E178F0F1BF78F0900F0FE8F /* WhereAreYou */,
				3E178F0E1BF78F0900F0FE8F /* Products */,
			);
			sourceTree = "<group>";
		};
		3E178F0E1BF78F0900F0FE8F /* Products */ = {
			isa = PBXGroup;
			children = (
				3E178F0D1BF78F0900F0FE8F /* WhereAreYou.app */,
			);
			name = Products;
			sourceTree = "<group>";
		};
		3E178F0F1BF78F0900F0FE8F /* WhereAreYou */ = {
			isa = PBXGroup;
			children = (
				3E178F101BF78F0900F0FE8F /* AppDelegate.swift */,
				3E178F121BF78F0900F0FE8F /* ViewController.swift */,
				3E178F141BF78F0900F0FE8F /* Main.storyboard */,
				3E178F171BF78F0900F0FE8F /* Assets.xcassets */,
				3E178F191BF78F0900F0FE8F /* LaunchScreen.storyboard */,
				3E178F1C1BF78F0900F0FE8F /* Info.plist */,
			);
			path = WhereAreYou;
			sourceTree = "<group>";
		};
/* End PBXGroup section */

/* Begin PBXNativeTarget section */
		3E178F0C1BF78F0900F0FE8F /* WhereAreYou */ = {
			isa = PBXNativeTarget;
			buildConfigurationList = 3E178F1F1BF78F0900F0FE8F /* Build configuration list for PBXNativeTarget "WhereAreYou" */;
			buildPhases = (
				3E178F091BF78F0900F0FE8F /* Sources */,
				3E178F0A1BF78F0900F0FE8F /* Frameworks */,
				3E178F0B1BF78F0900F0FE8F /* Resources */,
			);
			buildRules = (
			);
			dependencies = (
			);
			name = WhereAreYou;
			productName = WhereAreYou;
			productReference = 3E178F0D1BF78F0900F0FE8F /* WhereAreYou.app */;
			productType = "com.apple.product-type.application";
		};
/* End PBXNativeTarget section */

/* Begin PBXProject section */
		3E178F051BF78F0900F0FE8F /* Project object */ = {
			isa = PBXProject;
			attributes = {
				LastUpgradeCheck = 0700;
				ORGANIZATIONNAME = "Katie Chaiken";
				TargetAttributes = {
					3E178F0C1BF78F0900F0FE8F = {
						CreatedOnToolsVersion = 7.0.1;
					};
				};
			};
			buildConfigurationList = 3E178F081BF78F0900F0FE8F /* Build configuration list for PBXProject "WhereAreYou" */;
			compatibilityVersion = "Xcode 3.2";
			developmentRegion = English;
			hasScannedForEncodings = 0;
			knownRegions = (
				en,
				Base,
			);
			mainGroup = 3E178F041BF78F0900F0FE8F;
			productRefGroup = 3E178F0E1BF78F0900F0FE8F /* Products */;
			projectDirPath = "";
			projectRoot = "";
			targets = (
				3E178F0C1BF78F0900F0FE8F /* WhereAreYou */,
			);
		};
/* End PBXProject section */

/* Begin PBXResourcesBuildPhase section */
		3E178F0B1BF78F0900F0FE8F /* Resources */ = {
			isa = PBXResourcesBuildPhase;
			buildActionMask = 2147483647;
			files = (
				3E178F1B1BF78F0900F0FE8F /* LaunchScreen.storyboard in Resources */,
				3E178F181BF78F0900F0FE8F /* Assets.xcassets in Resources */,
				3E178F161BF78F0900F0FE8F /* Main.storyboard in Resources */,
			);
			runOnlyForDeploymentPostprocessing = 0;
		};
/* End PBXResourcesBuildPhase section */

/* Begin PBXSourcesBuildPhase section */
		3E178F091BF78F0900F0FE8F /* Sources */ = {
			isa = PBXSourcesBuildPhase;
			buildActionMask = 2147483647;
			files = (
				3E178F131BF78F0900F0FE8F /* ViewController.swift in Sources */,
				3E178F111BF78F0900F0FE8F /* AppDelegate.swift in Sources */,
			);
			runOnlyForDeploymentPostprocessing = 0;
		};
/* End PBXSourcesBuildPhase section */

/* Begin PBXVariantGroup section */
		3E178F141BF78F0900F0FE8F /* Main.storyboard */ = {
			isa = PBXVariantGroup;
			children = (
				3E178F151BF78F0900F0FE8F /* Base */,
			);
			name = Main.storyboard;
			sourceTree = "<group>";
		};
		3E178F191BF78F0900F0FE8F /* LaunchScreen.storyboard */ = {
			isa = PBXVariantGroup;
			children = (
				3E178F1A1BF78F0900F0FE8F /* Base */,
			);
			name = LaunchScreen.storyboard;
			sourceTree = "<group>";
		};
/* End PBXVariantGroup section */

/* Begin XCBuildConfiguration section */
		3E178F1D1BF78F0900F0FE8F /* Debug */ = {
			isa = XCBuildConfiguration;
			buildSettings = {
				ALWAYS_SEARCH_USER_PATHS = NO;
				CLANG_CXX_LANGUAGE_STANDARD = "gnu++0x";
				CLANG_CXX_LIBRARY = "libc++";
				CLANG_ENABLE_MODULES = YES;
				CLANG_ENABLE_OBJC_ARC = YES;
				CLANG_WARN_BOOL_CONVERSION = YES;
				CLANG_WARN_CONSTANT_CONVERSION = YES;
				CLANG_WARN_DIRECT_OBJC_ISA_USAGE = YES_ERROR;
				CLANG_WARN_EMPTY_BODY = YES;
				CLANG_WARN_ENUM_CONVERSION = YES;
				CLANG_WARN_INT_CONVERSION = YES;
				CLANG_WARN_OBJC_ROOT_CLASS = YES_ERROR;
				CLANG_WARN_UNREACHABLE_CODE = YES;
				CLANG_WARN__DUPLICATE_METHOD_MATCH = YES;
				"CODE_SIGN_IDENTITY[sdk=iphoneos*]" = "iPhone Developer";
				COPY_PHASE_STRIP = NO;
				DEBUG_INFORMATION_FORMAT = dwarf;
				ENABLE_STRICT_OBJC_MSGSEND = YES;
				ENABLE_TESTABILITY = YES;
				GCC_C_LANGUAGE_STANDARD = gnu99;
				GCC_DYNAMIC_NO_PIC = NO;
				GCC_NO_COMMON_BLOCKS = YES;
				GCC_OPTIMIZATION_LEVEL = 0;
				GCC_PREPROCESSOR_DEFINITIONS = (
					"DEBUG=1",
					"$(inherited)",
				);
				GCC_WARN_64_TO_32_BIT_CONVERSION = YES;
				GCC_WARN_ABOUT_RETURN_TYPE = YES_ERROR;
				GCC_WARN_UNDECLARED_SELECTOR = YES;
				GCC_WARN_UNINITIALIZED_AUTOS = YES_AGGRESSIVE;
				GCC_WARN_UNUSED_FUNCTION = YES;
				GCC_WARN_UNUSED_VARIABLE = YES;
				IPHONEOS_DEPLOYMENT_TARGET = 9.0;
				MTL_ENABLE_DEBUG_INFO = YES;
				ONLY_ACTIVE_ARCH = YES;
				SDKROOT = iphoneos;
				SWIFT_OPTIMIZATION_LEVEL = "-Onone";
			};
			name = Debug;
		};
		3E178F1E1BF78F0900F0FE8F /* Release */ = {
			isa = XCBuildConfiguration;
			buildSettings = {
				ALWAYS_SEARCH_USER_PATHS = NO;
				CLANG_CXX_LANGUAGE_STANDARD = "gnu++0x";
				CLANG_CXX_LIBRARY = "libc++";
				CLANG_ENABLE_MODULES = YES;
				CLANG_ENABLE_OBJC_ARC = YES;
				CLANG_WARN_BOOL_CONVERSION = YES;
				CLANG_WARN_CONSTANT_CONVERSION = YES;
				CLANG_WARN_DIRECT_OBJC_ISA_USAGE = YES_ERROR;
				CLANG_WARN_EMPTY_BODY = YES;
				CLANG_WARN_ENUM_CONVERSION = YES;
				CLANG_WARN_INT_CONVERSION = YES;
				CLANG_WARN_OBJC_ROOT_CLASS = YES_ERROR;
				CLANG_WARN_UNREACHABLE_CODE = YES;
				CLANG_WARN__DUPLICATE_METHOD_MATCH = YES;
				"CODE_SIGN_IDENTITY[sdk=iphoneos*]" = "iPhone Developer";
				COPY_PHASE_STRIP = NO;
				DEBUG_INFORMATION_FORMAT = "dwarf-with-dsym";
				ENABLE_NS_ASSERTIONS = NO;
				ENABLE_STRICT_OBJC_MSGSEND = YES;
				GCC_C_LANGUAGE_STANDARD = gnu99;
				GCC_NO_COMMON_BLOCKS = YES;
				GCC_WARN_64_TO_32_BIT_CONVERSION = YES;
				GCC_WARN_ABOUT_RETURN_TYPE = YES_ERROR;
				GCC_WARN_UNDECLARED_SELECTOR = YES;
				GCC_WARN_UNINITIALIZED_AUTOS = YES_AGGRESSIVE;
				GCC_WARN_UNUSED_FUNCTION = YES;
				GCC_WARN_UNUSED_VARIABLE = YES;
				IPHONEOS_DEPLOYMENT_TARGET = 9.0;
				MTL_ENABLE_DEBUG_INFO = NO;
				SDKROOT = iphoneos;
				VALIDATE_PRODUCT = YES;
			};
			name = Release;
		};
		3E178F201BF78F0900F0FE8F /* Debug */ = {
			isa = XCBuildConfiguration;
			buildSettings = {
				ASSETCATALOG_COMPILER_APPICON_NAME = AppIcon;
				INFOPLIST_FILE = WhereAreYou/Info.plist;
				LD_RUNPATH_SEARCH_PATHS = "$(inherited) @executable_path/Frameworks";
				PRODUCT_BUNDLE_IDENTIFIER = com.WhereAreYou;
				PRODUCT_NAME = "$(TARGET_NAME)";
			};
			name = Debug;
		};
		3E178F211BF78F0900F0FE8F /* Release */ = {
			isa = XCBuildConfiguration;
			buildSettings = {
				ASSETCATALOG_COMPILER_APPICON_NAME = AppIcon;
				INFOPLIST_FILE = WhereAreYou/Info.plist;
				LD_RUNPATH_SEARCH_PATHS = "$(inherited) @executable_path/Frameworks";
				PRODUCT_BUNDLE_IDENTIFIER = com.WhereAreYou;
				PRODUCT_NAME = "$(TARGET_NAME)";
			};
			name = Release;
		};
/* End XCBuildConfiguration section */

/* Begin XCConfigurationList section */
		3E178F081BF78F0900F0FE8F /* Build configuration list for PBXProject "WhereAreYou" */ = {
			isa = XCConfigurationList;
			buildConfigurations = (
				3E178F1D1BF78F0900F0FE8F /* Debug */,
				3E178F1E1BF78F0900F0FE8F /* Release */,
			);
			defaultConfigurationIsVisible = 0;
			defaultConfigurationName = Release;
		};
		3E178F1F1BF78F0900F0FE8F /* Build configuration list for PBXNativeTarget "WhereAreYou" */ = {
			isa = XCConfigurationList;
			buildConfigurations = (
				3E178F201BF78F0900F0FE8F /* Debug */,
				3E178F211BF78F0900F0FE8F /* Release */,
			);
			defaultConfigurationIsVisible = 0;
		};
/* End XCConfigurationList section */
	};
	rootObject = 3E178F051BF78F0900F0FE8F /* Project object */;
}
